{
    "name": "@bopli-theme/dev-cosmo",
    "version": "0.5.0",
    "lockfileVersion": 3,
    "requires": true,
    "packages": {
        "": {
            "name": "@bopli-theme/dev-cosmo",
            "version": "0.5.0",
            "devDependencies": {
                "@bopli/theme-cli": "file:../bopli-theme-toolkit/packages/cli",
                "@bopli/theme-sdk": "file:../bopli-theme-toolkit/packages/sdk",
                "typescript": "^5.9.3"
            }
        },
        "../bopli-theme-toolkit/packages/cli": {
            "name": "@bopli/theme-cli",
            "version": "0.2.0",
            "dev": true,
            "license": "MIT",
            "dependencies": {
                "@bopli/theme-sdk": "0.2.0",
                "@vitejs/plugin-vue": "^6.0.0",
                "@vue/compiler-sfc": "^3.5.13",
                "semver": "^7.7.2",
                "vite": "^8.0.0",
                "vue": "^3.5.13"
            },
            "bin": {
                "bopli-theme": "bin/bopli-theme.js"
            },
            "engines": {
                "node": ">=20.19.0"
            }
        },
        "../bopli-theme-toolkit/packages/sdk": {
            "name": "@bopli/theme-sdk",
            "version": "0.2.0",
            "dev": true,
            "license": "MIT",
            "engines": {
                "node": ">=20.19.0"
            },
            "peerDependencies": {
                "vue": "^3.5.0"
            }
        },
        "node_modules/@bopli/theme-cli": {
            "resolved": "../bopli-theme-toolkit/packages/cli",
            "link": true
        },
        "node_modules/@bopli/theme-sdk": {
            "resolved": "../bopli-theme-toolkit/packages/sdk",
            "link": true
        },
        "node_modules/typescript": {
            "version": "5.9.3",
            "resolved": "https://registry.npmjs.org/typescript/-/typescript-5.9.3.tgz",
            "integrity": "sha512-jl1vZzPDinLr9eUt3J/t7V6FgNEw9QjvBPdysz9KfQDD41fQrC2Y4vKQdiaUpFT4bXlb1RHhLpp8wtm6M5TgSw==",
            "dev": true,
            "license": "Apache-2.0",
            "bin": {
                "tsc": "bin/tsc",
                "tsserver": "bin/tsserver"
            },
            "engines": {
                "node": ">=14.17"
            }
        }
    }
}
